
Microsoft Visual Studio Solution File, Format Version 12.00
# Visual Studio Version 16
VisualStudioVersion = 16.0.31911.196
MinimumVisualStudioVersion = 10.0.40219.1
Project("{8BC9CEB8-8B4A-11D0-8D11-00A0C91BC942}") = "CharacterOffsetProgram", "CharacterOffsetProgram\CharacterOffsetProgram.vcxproj", "{898BEB80-0BC7-4ED5-8FB6-D4838499D811}"
EndProject
Global
	GlobalSection(SolutionConfigurationPlatforms) = preSolution
		Debug|x64 = Debug|x64
		Debug|x86 = Debug|x86
		Release|x64 = Release|x64
		Release|x86 = Release|x86
	EndGlobalSection
	GlobalSection(ProjectConfigurationPlatforms) = postSolution
		{898BEB80-0BC7-4ED5-8FB6-D4838499D811}.Debug|x64.ActiveCfg = Debug|x64
		{898BEB80-0BC7-4ED5-8FB6-D4838499D811}.Debug|x64.Build.0 = Debug|x64
		{898BEB80-0BC7-4ED5-8FB6-D4838499D811}.Debug|x86.ActiveCfg = Debug|Win32
		{898BEB80-0BC7-4ED5-8FB6-D4838499D811}.Debug|x86.Build.0 = Debug|Win32
		{898BEB80-0BC7-4ED5-8FB6-D4838499D811}.Release|x64.ActiveCfg = Release|x64
		{898BEB80-0BC7-4ED5-8FB6-D4838499D811}.Release|x64.Build.0 = Release|x64
		{898BEB80-0BC7-4ED5-8FB6-D4838499D811}.Release|x86.ActiveCfg = Release|Win32
		{898BEB80-0BC7-4ED5-8FB6-D4838499D811}.Release|x86.Build.0 = Release|Win32
	EndGlobalSection
	GlobalSection(SolutionProperties) = preSolution
		HideSolutionNode = FALSE
	EndGlobalSection
	GlobalSection(ExtensibilityGlobals) = postSolution
		SolutionGuid = {8D18EF7F-8F16-4F9E-A193-CA5637A64995}
	EndGlobalSection
EndGlobal
